
Microsoft Visual Studio Solution File, Format Version 12.00
# Visual Studio Version 16
VisualStudioVersion = 16.0.29324.140
MinimumVisualStudioVersion = 10.0.40219.1
Project("{FAE04EC0-301F-11D3-BF4B-00C04F79EFBC}") = "Commands.NET", "Commands.NET.csproj", "{99035B87-F562-4ED7-955B-AD7915623958}"
EndProject
Global
	GlobalSection(SolutionConfigurationPlatforms) = preSolution
		Debug|Any CPU = Debug|Any CPU
		Release|Any CPU = Release|Any CPU
	EndGlobalSection
	GlobalSection(ProjectConfigurationPlatforms) = postSolution
		{99035B87-F562-4ED7-955B-AD7915623958}.Debug|Any CPU.ActiveCfg = Debug|Any CPU
		{99035B87-F562-4ED7-955B-AD7915623958}.Debug|Any CPU.Build.0 = Debug|Any CPU
		{99035B87-F562-4ED7-955B-AD7915623958}.Release|Any CPU.ActiveCfg = Release|Any CPU
		{99035B87-F562-4ED7-955B-AD7915623958}.Release|Any CPU.Build.0 = Release|Any CPU
	EndGlobalSection
	GlobalSection(SolutionProperties) = preSolution
		HideSolutionNode = FALSE
	EndGlobalSection
	GlobalSection(ExtensibilityGlobals) = postSolution
		SolutionGuid = {A5B22E7F-B96A-4D12-8CFD-1E9A610EB6D3}
	EndGlobalSection
EndGlobal
